
Microsoft Visual Studio Solution File, Format Version 12.00
# Visual Studio 2013
VisualStudioVersion = 12.0.31101.0
MinimumVisualStudioVersion = 10.0.40219.1
Project("{FAE04EC0-301F-11D3-BF4B-00C04F79EFBC}") = "AkkaHelpers.Tests", "AkkaHelpers.Tests\AkkaHelpers.Tests.csproj", "{259774BB-557E-4224-B5B6-FDB8C2629C95}"
EndProject
Project("{FAE04EC0-301F-11D3-BF4B-00C04F79EFBC}") = "AkkaHelpers", "AkkaHelpers\AkkaHelpers.csproj", "{637C585F-8EA3-4C8C-BB83-F0E5C9855D05}"
EndProject
Global
	GlobalSection(SolutionConfigurationPlatforms) = preSolution
		Debug|Any CPU = Debug|Any CPU
		Release|Any CPU = Release|Any CPU
	EndGlobalSection
	GlobalSection(ProjectConfigurationPlatforms) = postSolution
		{259774BB-557E-4224-B5B6-FDB8C2629C95}.Debug|Any CPU.ActiveCfg = Debug|Any CPU
		{259774BB-557E-4224-B5B6-FDB8C2629C95}.Debug|Any CPU.Build.0 = Debug|Any CPU
		{259774BB-557E-4224-B5B6-FDB8C2629C95}.Release|Any CPU.ActiveCfg = Release|Any CPU
		{259774BB-557E-4224-B5B6-FDB8C2629C95}.Release|Any CPU.Build.0 = Release|Any CPU
		{637C585F-8EA3-4C8C-BB83-F0E5C9855D05}.Debug|Any CPU.ActiveCfg = Debug|Any CPU
		{637C585F-8EA3-4C8C-BB83-F0E5C9855D05}.Debug|Any CPU.Build.0 = Debug|Any CPU
		{637C585F-8EA3-4C8C-BB83-F0E5C9855D05}.Release|Any CPU.ActiveCfg = Release|Any CPU
		{637C585F-8EA3-4C8C-BB83-F0E5C9855D05}.Release|Any CPU.Build.0 = Release|Any CPU
	EndGlobalSection
	GlobalSection(SolutionProperties) = preSolution
		HideSolutionNode = FALSE
	EndGlobalSection
EndGlobal
